
Microsoft Visual Studio Solution File, Format Version 12.00
# Visual Studio Version 16
VisualStudioVersion = 16.0.32428.217
MinimumVisualStudioVersion = 10.0.40219.1
Project("{FAE04EC0-301F-11D3-BF4B-00C04F79EFBC}") = "ProvaDjalma2Semestre", "ProvaDjalma2Semestre\ProvaDjalma2Semestre.csproj", "{9CBC3558-0134-48BE-A04D-081C63AB9F9C}"
EndProject
Global
	GlobalSection(SolutionConfigurationPlatforms) = preSolution
		Debug|Any CPU = Debug|Any CPU
		Release|Any CPU = Release|Any CPU
	EndGlobalSection
	GlobalSection(ProjectConfigurationPlatforms) = postSolution
		{9CBC3558-0134-48BE-A04D-081C63AB9F9C}.Debug|Any CPU.ActiveCfg = Debug|Any CPU
		{9CBC3558-0134-48BE-A04D-081C63AB9F9C}.Debug|Any CPU.Build.0 = Debug|Any CPU
		{9CBC3558-0134-48BE-A04D-081C63AB9F9C}.Release|Any CPU.ActiveCfg = Release|Any CPU
		{9CBC3558-0134-48BE-A04D-081C63AB9F9C}.Release|Any CPU.Build.0 = Release|Any CPU
	EndGlobalSection
	GlobalSection(SolutionProperties) = preSolution
		HideSolutionNode = FALSE
	EndGlobalSection
	GlobalSection(ExtensibilityGlobals) = postSolution
		SolutionGuid = {513A8035-A6E9-4298-A67D-D32641F1B9A5}
	EndGlobalSection
EndGlobal
